
Microsoft Visual Studio Solution File, Format Version 12.00
# Visual Studio 15
VisualStudioVersion = 15.0.27703.2042
MinimumVisualStudioVersion = 10.0.40219.1
Project("{FAE04EC0-301F-11D3-BF4B-00C04F79EFBC}") = "UIFromHell", "UIFromHell.csproj", "{E58EF04F-B6D4-4437-BD5B-8CEBBAA3DD47}"
EndProject
Global
	GlobalSection(SolutionConfigurationPlatforms) = preSolution
		Debug|Any CPU = Debug|Any CPU
		Release|Any CPU = Release|Any CPU
	EndGlobalSection
	GlobalSection(ProjectConfigurationPlatforms) = postSolution
		{E58EF04F-B6D4-4437-BD5B-8CEBBAA3DD47}.Debug|Any CPU.ActiveCfg = Debug|Any CPU
		{E58EF04F-B6D4-4437-BD5B-8CEBBAA3DD47}.Debug|Any CPU.Build.0 = Debug|Any CPU
		{E58EF04F-B6D4-4437-BD5B-8CEBBAA3DD47}.Release|Any CPU.ActiveCfg = Release|Any CPU
		{E58EF04F-B6D4-4437-BD5B-8CEBBAA3DD47}.Release|Any CPU.Build.0 = Release|Any CPU
	EndGlobalSection
	GlobalSection(SolutionProperties) = preSolution
		HideSolutionNode = FALSE
	EndGlobalSection
	GlobalSection(ExtensibilityGlobals) = postSolution
		SolutionGuid = {404430E0-7012-4CA2-9ED1-2AC2EBC23D47}
	EndGlobalSection
EndGlobal
